
Microsoft Visual Studio Solution File, Format Version 12.00
# Visual Studio Version 17
VisualStudioVersion = 17.0.31903.59
MinimumVisualStudioVersion = 10.0.40219.1
Project("{FAE04EC0-301F-11D3-BF4B-00C04F79EFBC}") = "AudioInspect", "AudioInspect\AudioInspect.csproj", "{9EE64842-DA93-4F77-9FAE-1716EAFB38EA}"
EndProject
Project("{FAE04EC0-301F-11D3-BF4B-00C04F79EFBC}") = "NetworkClient", "NetworkClient\NetworkClient.csproj", "{BBB81956-BA1F-49D8-80F9-BF121B0D6F14}"
EndProject
Project("{FAE04EC0-301F-11D3-BF4B-00C04F79EFBC}") = "NetworkTest", "NetworkTest\NetworkTest.csproj", "{FEE7B32D-A908-4E22-BCF8-A3CF8373DA5F}"
EndProject
Project("{FAE04EC0-301F-11D3-BF4B-00C04F79EFBC}") = "WiredTooth.Protocol", "WiredTooth.Protocol\WiredTooth.Protocol.csproj", "{EECA13C5-8007-463B-A3A5-009C12813334}"
EndProject
Project("{FAE04EC0-301F-11D3-BF4B-00C04F79EFBC}") = "WiredTooth.Sender", "WiredTooth.Sender\WiredTooth.Sender.csproj", "{6DC6B643-AAFF-49E2-9823-1A199D5193C5}"
EndProject
Project("{FAE04EC0-301F-11D3-BF4B-00C04F79EFBC}") = "WiredTooth.Windows", "WiredTooth.Windows\WiredTooth.Windows.csproj", "{BC638A0E-9DFE-4987-B516-57B4354A4897}"
EndProject
Global
	GlobalSection(SolutionConfigurationPlatforms) = preSolution
		Debug|Any CPU = Debug|Any CPU
		Debug|x64 = Debug|x64
		Debug|x86 = Debug|x86
		Release|Any CPU = Release|Any CPU
		Release|x64 = Release|x64
		Release|x86 = Release|x86
	EndGlobalSection
	GlobalSection(ProjectConfigurationPlatforms) = postSolution
		{9EE64842-DA93-4F77-9FAE-1716EAFB38EA}.Debug|Any CPU.ActiveCfg = Debug|Any CPU
		{9EE64842-DA93-4F77-9FAE-1716EAFB38EA}.Debug|Any CPU.Build.0 = Debug|Any CPU
		{9EE64842-DA93-4F77-9FAE-1716EAFB38EA}.Debug|x64.ActiveCfg = Debug|Any CPU
		{9EE64842-DA93-4F77-9FAE-1716EAFB38EA}.Debug|x64.Build.0 = Debug|Any CPU
		{9EE64842-DA93-4F77-9FAE-1716EAFB38EA}.Debug|x86.ActiveCfg = Debug|Any CPU
		{9EE64842-DA93-4F77-9FAE-1716EAFB38EA}.Debug|x86.Build.0 = Debug|Any CPU
		{9EE64842-DA93-4F77-9FAE-1716EAFB38EA}.Release|Any CPU.ActiveCfg = Release|Any CPU
		{9EE64842-DA93-4F77-9FAE-1716EAFB38EA}.Release|Any CPU.Build.0 = Release|Any CPU
		{9EE64842-DA93-4F77-9FAE-1716EAFB38EA}.Release|x64.ActiveCfg = Release|Any CPU
		{9EE64842-DA93-4F77-9FAE-1716EAFB38EA}.Release|x64.Build.0 = Release|Any CPU
		{9EE64842-DA93-4F77-9FAE-1716EAFB38EA}.Release|x86.ActiveCfg = Release|Any CPU
		{9EE64842-DA93-4F77-9FAE-1716EAFB38EA}.Release|x86.Build.0 = Release|Any CPU
		{BBB81956-BA1F-49D8-80F9-BF121B0D6F14}.Debug|Any CPU.ActiveCfg = Debug|Any CPU
		{BBB81956-BA1F-49D8-80F9-BF121B0D6F14}.Debug|Any CPU.Build.0 = Debug|Any CPU
		{BBB81956-BA1F-49D8-80F9-BF121B0D6F14}.Debug|x64.ActiveCfg = Debug|Any CPU
		{BBB81956-BA1F-49D8-80F9-BF121B0D6F14}.Debug|x64.Build.0 = Debug|Any CPU
		{BBB81956-BA1F-49D8-80F9-BF121B0D6F14}.Debug|x86.ActiveCfg = Debug|Any CPU
		{BBB81956-BA1F-49D8-80F9-BF121B0D6F14}.Debug|x86.Build.0 = Debug|Any CPU
		{BBB81956-BA1F-49D8-80F9-BF121B0D6F14}.Release|Any CPU.ActiveCfg = Release|Any CPU
		{BBB81956-BA1F-49D8-80F9-BF121B0D6F14}.Release|Any CPU.Build.0 = Release|Any CPU
		{BBB81956-BA1F-49D8-80F9-BF121B0D6F14}.Release|x64.ActiveCfg = Release|Any CPU
		{BBB81956-BA1F-49D8-80F9-BF121B0D6F14}.Release|x64.Build.0 = Release|Any CPU
		{BBB81956-BA1F-49D8-80F9-BF121B0D6F14}.Release|x86.ActiveCfg = Release|Any CPU
		{BBB81956-BA1F-49D8-80F9-BF121B0D6F14}.Release|x86.Build.0 = Release|Any CPU
		{FEE7B32D-A908-4E22-BCF8-A3CF8373DA5F}.Debug|Any CPU.ActiveCfg = Debug|Any CPU
		{FEE7B32D-A908-4E22-BCF8-A3CF8373DA5F}.Debug|Any CPU.Build.0 = Debug|Any CPU
		{FEE7B32D-A908-4E22-BCF8-A3CF8373DA5F}.Debug|x64.ActiveCfg = Debug|Any CPU
		{FEE7B32D-A908-4E22-BCF8-A3CF8373DA5F}.Debug|x64.Build.0 = Debug|Any CPU
		{FEE7B32D-A908-4E22-BCF8-A3CF8373DA5F}.Debug|x86.ActiveCfg = Debug|Any CPU
		{FEE7B32D-A908-4E22-BCF8-A3CF8373DA5F}.Debug|x86.Build.0 = Debug|Any CPU
		{FEE7B32D-A908-4E22-BCF8-A3CF8373DA5F}.Release|Any CPU.ActiveCfg = Release|Any CPU
		{FEE7B32D-A908-4E22-BCF8-A3CF8373DA5F}.Release|Any CPU.Build.0 = Release|Any CPU
		{FEE7B32D-A908-4E22-BCF8-A3CF8373DA5F}.Release|x64.ActiveCfg = Release|Any CPU
		{FEE7B32D-A908-4E22-BCF8-A3CF8373DA5F}.Release|x64.Build.0 = Release|Any CPU
		{FEE7B32D-A908-4E22-BCF8-A3CF8373DA5F}.Release|x86.ActiveCfg = Release|Any CPU
		{FEE7B32D-A908-4E22-BCF8-A3CF8373DA5F}.Release|x86.Build.0 = Release|Any CPU
		{EECA13C5-8007-463B-A3A5-009C12813334}.Debug|Any CPU.ActiveCfg = Debug|Any CPU
		{EECA13C5-8007-463B-A3A5-009C12813334}.Debug|Any CPU.Build.0 = Debug|Any CPU
		{EECA13C5-8007-463B-A3A5-009C12813334}.Debug|x64.ActiveCfg = Debug|Any CPU
		{EECA13C5-8007-463B-A3A5-009C12813334}.Debug|x64.Build.0 = Debug|Any CPU
		{EECA13C5-8007-463B-A3A5-009C12813334}.Debug|x86.ActiveCfg = Debug|Any CPU
		{EECA13C5-8007-463B-A3A5-009C12813334}.Debug|x86.Build.0 = Debug|Any CPU
		{EECA13C5-8007-463B-A3A5-009C12813334}.Release|Any CPU.ActiveCfg = Release|Any CPU
		{EECA13C5-8007-463B-A3A5-009C12813334}.Release|Any CPU.Build.0 = Release|Any CPU
		{EECA13C5-8007-463B-A3A5-009C12813334}.Release|x64.ActiveCfg = Release|Any CPU
		{EECA13C5-8007-463B-A3A5-009C12813334}.Release|x64.Build.0 = Release|Any CPU
		{EECA13C5-8007-463B-A3A5-009C12813334}.Release|x86.ActiveCfg = Release|Any CPU
		{EECA13C5-8007-463B-A3A5-009C12813334}.Release|x86.Build.0 = Release|Any CPU
		{6DC6B643-AAFF-49E2-9823-1A199D5193C5}.Debug|Any CPU.ActiveCfg = Debug|Any CPU
		{6DC6B643-AAFF-49E2-9823-1A199D5193C5}.Debug|Any CPU.Build.0 = Debug|Any CPU
		{6DC6B643-AAFF-49E2-9823-1A199D5193C5}.Debug|x64.ActiveCfg = Debug|Any CPU
		{6DC6B643-AAFF-49E2-9823-1A199D5193C5}.Debug|x64.Build.0 = Debug|Any CPU
		{6DC6B643-AAFF-49E2-9823-1A199D5193C5}.Debug|x86.ActiveCfg = Debug|Any CPU
		{6DC6B643-AAFF-49E2-9823-1A199D5193C5}.Debug|x86.Build.0 = Debug|Any CPU
		{6DC6B643-AAFF-49E2-9823-1A199D5193C5}.Release|Any CPU.ActiveCfg = Release|Any CPU
		{6DC6B643-AAFF-49E2-9823-1A199D5193C5}.Release|Any CPU.Build.0 = Release|Any CPU
		{6DC6B643-AAFF-49E2-9823-1A199D5193C5}.Release|x64.ActiveCfg = Release|Any CPU
		{6DC6B643-AAFF-49E2-9823-1A199D5193C5}.Release|x64.Build.0 = Release|Any CPU
		{6DC6B643-AAFF-49E2-9823-1A199D5193C5}.Release|x86.ActiveCfg = Release|Any CPU
		{6DC6B643-AAFF-49E2-9823-1A199D5193C5}.Release|x86.Build.0 = Release|Any CPU
		{BC638A0E-9DFE-4987-B516-57B4354A4897}.Debug|Any CPU.ActiveCfg = Debug|Any CPU
		{BC638A0E-9DFE-4987-B516-57B4354A4897}.Debug|Any CPU.Build.0 = Debug|Any CPU
		{BC638A0E-9DFE-4987-B516-57B4354A4897}.Debug|x64.ActiveCfg = Debug|Any CPU
		{BC638A0E-9DFE-4987-B516-57B4354A4897}.Debug|x64.Build.0 = Debug|Any CPU
		{BC638A0E-9DFE-4987-B516-57B4354A4897}.Debug|x86.ActiveCfg = Debug|Any CPU
		{BC638A0E-9DFE-4987-B516-57B4354A4897}.Debug|x86.Build.0 = Debug|Any CPU
		{BC638A0E-9DFE-4987-B516-57B4354A4897}.Release|Any CPU.ActiveCfg = Release|Any CPU
		{BC638A0E-9DFE-4987-B516-57B4354A4897}.Release|Any CPU.Build.0 = Release|Any CPU
		{BC638A0E-9DFE-4987-B516-57B4354A4897}.Release|x64.ActiveCfg = Release|Any CPU
		{BC638A0E-9DFE-4987-B516-57B4354A4897}.Release|x64.Build.0 = Release|Any CPU
		{BC638A0E-9DFE-4987-B516-57B4354A4897}.Release|x86.ActiveCfg = Release|Any CPU
		{BC638A0E-9DFE-4987-B516-57B4354A4897}.Release|x86.Build.0 = Release|Any CPU
	EndGlobalSection
	GlobalSection(SolutionProperties) = preSolution
		HideSolutionNode = FALSE
	EndGlobalSection
EndGlobal
